
Microsoft Visual Studio Solution File, Format Version 12.00
# Visual Studio Version 17
VisualStudioVersion = 17.2.32616.157
MinimumVisualStudioVersion = 10.0.40219.1
Project("{FAE04EC0-301F-11D3-BF4B-00C04F79EFBC}") = "PlaneSpotters.Core", "PlaneSpotters.Core\PlaneSpotters.Core.csproj", "{ABC59608-AC72-4285-8CD9-AC62E3FE82C3}"
EndProject
Project("{FAE04EC0-301F-11D3-BF4B-00C04F79EFBC}") = "PlaneSpotters.Api", "PlaneSpotters.Api\PlaneSpotters.Api.csproj", "{4B6F2BB8-A3CD-4DCD-8BF9-637D687CB04E}"
	ProjectSection(ProjectDependencies) = postProject
		{ABC59608-AC72-4285-8CD9-AC62E3FE82C3} = {ABC59608-AC72-4285-8CD9-AC62E3FE82C3}
	EndProjectSection
EndProject
Global
	GlobalSection(SolutionConfigurationPlatforms) = preSolution
		Debug|Any CPU = Debug|Any CPU
		Release|Any CPU = Release|Any CPU
	EndGlobalSection
	GlobalSection(ProjectConfigurationPlatforms) = postSolution
		{ABC59608-AC72-4285-8CD9-AC62E3FE82C3}.Debug|Any CPU.ActiveCfg = Debug|Any CPU
		{ABC59608-AC72-4285-8CD9-AC62E3FE82C3}.Debug|Any CPU.Build.0 = Debug|Any CPU
		{ABC59608-AC72-4285-8CD9-AC62E3FE82C3}.Release|Any CPU.ActiveCfg = Release|Any CPU
		{ABC59608-AC72-4285-8CD9-AC62E3FE82C3}.Release|Any CPU.Build.0 = Release|Any CPU
		{4B6F2BB8-A3CD-4DCD-8BF9-637D687CB04E}.Debug|Any CPU.ActiveCfg = Debug|Any CPU
		{4B6F2BB8-A3CD-4DCD-8BF9-637D687CB04E}.Debug|Any CPU.Build.0 = Debug|Any CPU
		{4B6F2BB8-A3CD-4DCD-8BF9-637D687CB04E}.Release|Any CPU.ActiveCfg = Release|Any CPU
		{4B6F2BB8-A3CD-4DCD-8BF9-637D687CB04E}.Release|Any CPU.Build.0 = Release|Any CPU
	EndGlobalSection
	GlobalSection(SolutionProperties) = preSolution
		HideSolutionNode = FALSE
	EndGlobalSection
	GlobalSection(ExtensibilityGlobals) = postSolution
		SolutionGuid = {AA4E2F51-BBFD-4370-B177-9D0706ED3885}
	EndGlobalSection
EndGlobal
